# This file is generated by running "yarn install" inside your project.
# Manual changes might be lost - proceed with caution!

__metadata:
  version: 5
  cacheKey: 8

"alert@npm:^5.0.10":
  version: 5.0.10
  resolution: "alert@npm:5.0.10"
  dependencies:
    is-program-installed: 2.2.0
  bin:
    alert: cli.js
  checksum: 698a4a54902904e460f1ad21b1b610a705a3c347c22686de4a80b414b2772997f7a3fcb99dcd0efb44a6dc477ae8a178348c5e40e9e33b0a520aba5d7fe35105
  languageName: node
  linkType: hard

"data-uri-to-buffer@npm:^4.0.0":
  version: 4.0.0
  resolution: "data-uri-to-buffer@npm:4.0.0"
  checksum: a010653869abe8bb51259432894ac62c52bf79ad761d418d94396f48c346f2ae739c46b254e8bb5987bded8a653d467db1968db3a69bab1d33aa5567baa5cfc7
  languageName: node
  linkType: hard

"date-fns@npm:^2.28.0":
  version: 2.28.0
  resolution: "date-fns@npm:2.28.0"
  checksum: a0516b2e4f99b8bffc6cc5193349f185f195398385bdcaf07f17c2c4a24473c99d933eb0018be4142a86a6d46cb0b06be6440ad874f15e795acbedd6fd727a1f
  languageName: node
  linkType: hard

"dotenv@npm:^16.0.0":
  version: 16.0.0
  resolution: "dotenv@npm:16.0.0"
  checksum: 664cebb51f0a9a1d1b930f51f0271e72e26d62feaecc9dc03df39453dd494b4e724809ca480fb3ec3213382b1ed3f791aaeb83569a137f9329ce58efd4853dbf
  languageName: node
  linkType: hard

"fetch-blob@npm:^3.1.2, fetch-blob@npm:^3.1.4":
  version: 3.1.4
  resolution: "fetch-blob@npm:3.1.4"
  dependencies:
    node-domexception: ^1.0.0
    web-streams-polyfill: ^3.0.3
  checksum: 81b074f38a2dbfd546dd58e482cefe14e605abd609e272804bf089d588d84f39e3e95b35640bfb376f71d5038c123d4d41be49d9cdf87e5ec8939d37738df0b6
  languageName: node
  linkType: hard

"formdata-polyfill@npm:^4.0.10":
  version: 4.0.10
  resolution: "formdata-polyfill@npm:4.0.10"
  dependencies:
    fetch-blob: ^3.1.2
  checksum: 82a34df292afadd82b43d4a740ce387bc08541e0a534358425193017bf9fb3567875dc5f69564984b1da979979b70703aa73dee715a17b6c229752ae736dd9db
  languageName: node
  linkType: hard

"is-program-installed@npm:2.2.0":
  version: 2.2.0
  resolution: "is-program-installed@npm:2.2.0"
  checksum: 10aee8844ad6a95ffc4e5421719e36be49858de13a820f03fcb2208c35247e292488c14326e127f07cd07f7c4115956e1aa338045582a4073e7b44008b62eda9
  languageName: node
  linkType: hard

"node-domexception@npm:^1.0.0":
  version: 1.0.0
  resolution: "node-domexception@npm:1.0.0"
  checksum: ee1d37dd2a4eb26a8a92cd6b64dfc29caec72bff5e1ed9aba80c294f57a31ba4895a60fd48347cf17dd6e766da0ae87d75657dfd1f384ebfa60462c2283f5c7f
  languageName: node
  linkType: hard

"node-fetch@npm:^3.2.2":
  version: 3.2.2
  resolution: "node-fetch@npm:3.2.2"
  dependencies:
    data-uri-to-buffer: ^4.0.0
    fetch-blob: ^3.1.4
    formdata-polyfill: ^4.0.10
  checksum: 03920e3ea8ad0122c3bad3dbd1ed005773d3623ed84eebab03c9660d49721ddbc1b2d2f28a006924c258e15a1abc26a976bbfa169fa7e52cd0c7d89f227c2307
  languageName: node
  linkType: hard

"upwork-jobs-tracker-v2@workspace:.":
  version: 0.0.0-use.local
  resolution: "upwork-jobs-tracker-v2@workspace:."
  dependencies:
    alert: ^5.0.10
    date-fns: ^2.28.0
    dotenv: ^16.0.0
    node-fetch: ^3.2.2
  languageName: unknown
  linkType: soft

"web-streams-polyfill@npm:^3.0.3":
  version: 3.2.0
  resolution: "web-streams-polyfill@npm:3.2.0"
  checksum: e23ad0649392fa0159dbfc6bb27474c308c3f332d9078cfef3c06c154165bef18732c5814126147c6c712f604216ddc950c171c854e3821f020e0d2d721a5958
  languageName: node
  linkType: hard
