# THIS IS AN AUTOGENERATED FILE. DO NOT EDIT THIS FILE DIRECTLY.
# yarn lockfile v1


ajv@^6.12.3:
  version "6.12.6"
  resolved "https://registry.yarnpkg.com/ajv/-/ajv-6.12.6.tgz#baf5a62e802b07d977034586f8c3baf5adf26df4"
  integrity sha512-j3fVLgvTo527anyYyJOGTYJbG+vnnQYvE0m5mmkc1TK+nxAppkCLMIL0aZ4dblVCNoGShhm+kzE4ZUykBoMg4g==
  dependencies:
    fast-deep-equal "^3.1.1"
    fast-json-stable-stringify "^2.0.0"
    json-schema-traverse "^0.4.1"
    uri-js "^4.2.2"

alert-sound-notify@^0.0.8:
  version "0.0.8"
  resolved "https://registry.yarnpkg.com/alert-sound-notify/-/alert-sound-notify-0.0.8.tgz#76884e09e209d5017bd3276e8dffb42c16aad152"
  integrity sha512-jTPMPyS6uU0LYQjZ45Rw0RCslvCtvf/LUvDkfnOK1iTO6flPSbtDRxYzIUd2wuZWASvWn8dwyhhZ3ZdUFSR5lw==
  dependencies:
    play-audio-notify "~0.0.3"

alert@^5.0.10:
  version "5.0.10"
  resolved "https://registry.yarnpkg.com/alert/-/alert-5.0.10.tgz#de34f3e48c050334d7ec8b5d91c25dd39b501249"
  integrity sha512-veNmvhw+wPry802GoKfpXlqAeJ6JAF5JQ7C0Sw/ukMZ+KINvQITHFQO8IIaXjqJ/TBpQnp5A/y0bBknI50/LZQ==
  dependencies:
    is-program-installed "2.2.0"

asn1@~0.2.3:
  version "0.2.6"
  resolved "https://registry.yarnpkg.com/asn1/-/asn1-0.2.6.tgz#0d3a7bb6e64e02a90c0303b31f292868ea09a08d"
  integrity sha512-ix/FxPn0MDjeyJ7i/yoHGFt/EX6LyNbxSEhPPXODPL+KB0VPk86UYfL0lMdy+KCnv+fmvIzySwaK5COwqVbWTQ==
  dependencies:
    safer-buffer "~2.1.0"

assert-plus@1.0.0, assert-plus@^1.0.0:
  version "1.0.0"
  resolved "https://registry.yarnpkg.com/assert-plus/-/assert-plus-1.0.0.tgz#f12e0f3c5d77b0b1cdd9146942e4e96c1e4dd525"
  integrity sha1-8S4PPF13sLHN2RRpQuTpbB5N1SU=

asynckit@^0.4.0:
  version "0.4.0"
  resolved "https://registry.yarnpkg.com/asynckit/-/asynckit-0.4.0.tgz#c79ed97f7f34cb8f2ba1bc9790bcc366474b4b79"
  integrity sha1-x57Zf380y48robyXkLzDZkdLS3k=

atob-lite@^1.0.0:
  version "1.0.0"
  resolved "https://registry.yarnpkg.com/atob-lite/-/atob-lite-1.0.0.tgz#b88dca6006922b962094f7556826bab31c4a296b"
  integrity sha1-uI3KYAaSK5YglPdVaCa6sxxKKWs=

atob-lite@^2.0.0:
  version "2.0.0"
  resolved "https://registry.yarnpkg.com/atob-lite/-/atob-lite-2.0.0.tgz#0fef5ad46f1bd7a8502c65727f0367d5ee43d696"
  integrity sha1-D+9a1G8b16hQLGVyfwNn1e5D1pY=

audio-buffer-from@^1.0.0, audio-buffer-from@^1.1.1:
  version "1.1.1"
  resolved "https://registry.yarnpkg.com/audio-buffer-from/-/audio-buffer-from-1.1.1.tgz#6ba1dd0d463ce19e7ba19f91f5e1f725178d38d8"
  integrity sha512-8Wcira24z+26GXDFe7ZFRF1bJm1iWrz8O+XL8iNZxZjxqAPXIoK1IrJiOqStv35ASPbRjG57ZK/T0WO92MDUSg==
  dependencies:
    audio-buffer "^4.0.4"
    audio-context "^1.0.1"
    audio-format "^2.0.0"
    is-audio-buffer "^1.0.11"
    is-plain-obj "^1.1.0"
    pcm-convert "^1.6.0"
    pick-by-alias "^1.2.0"
    string-to-arraybuffer "^1.0.0"

audio-buffer-list@^2.0.6:
  version "2.0.7"
  resolved "https://registry.yarnpkg.com/audio-buffer-list/-/audio-buffer-list-2.0.7.tgz#88be6e835174329552b01433025c27c7ad7cf5d6"
  integrity sha1-iL5ug1F0MpVSsBQzAlwnx6189dY=
  dependencies:
    audio-buffer "^3.0.0"
    audio-buffer-utils "^4.1.1"
    inherits "^2.0.3"
    is-audio-buffer "^1.0.5"
    is-plain-obj "^1.1.0"
    negative-index "^1.0.2"
    object-assign "^4.1.1"

audio-buffer-utils@^4.1.1, audio-buffer-utils@^4.3.0:
  version "4.3.2"
  resolved "https://registry.yarnpkg.com/audio-buffer-utils/-/audio-buffer-utils-4.3.2.tgz#d555faed8d6ceeb120619e39fa691374f2103380"
  integrity sha1-1VX67Y1s7rEgYZ45+mkTdPIQM4A=
  dependencies:
    audio-buffer "^3.1.1"
    audio-context "^1.0.0"
    clamp "^1.0.1"
    is-audio-buffer "^1.0.0"
    is-browser "^2.0.1"
    negative-index "^1.0.2"
    typedarray-methods "^1.0.0"

audio-buffer-utils@^5.1.2:
  version "5.1.2"
  resolved "https://registry.yarnpkg.com/audio-buffer-utils/-/audio-buffer-utils-5.1.2.tgz#8cd40d86ec7dc0b4574ffd88d3349545fbb535b4"
  integrity sha512-MZEnf8PLnnSwIySffyxG3Q33PwlKHH4r66FZMPUJMDLAtGt8OblzoLcxHInlGZmDqRt1MxYG0Eovn0CpHKsqzg==
  dependencies:
    audio-buffer "^4.0.0"
    audio-buffer-from "^1.0.0"
    audio-context "^1.0.0"
    clamp "^1.0.1"
    is-audio-buffer "^1.0.8"
    is-browser "^2.0.1"
    is-buffer "^2.0.0"

audio-buffer@^2.4.5:
  version "2.4.6"
  resolved "https://registry.yarnpkg.com/audio-buffer/-/audio-buffer-2.4.6.tgz#2f97bdb2bb9ca46d22d3b01d4334f49924eba260"
  integrity sha1-L5e9srucpG0i07AdQzT0mSTromA=
  dependencies:
    audio-context latest
    buffer-to-arraybuffer latest
    is-audio-buffer "^1.0.1"
    is-browser "^2.0.1"
    is-buffer "^1.1.0"

audio-buffer@^3.0.0, audio-buffer@^3.1.1:
  version "3.2.1"
  resolved "https://registry.yarnpkg.com/audio-buffer/-/audio-buffer-3.2.1.tgz#cbff2c1577fb0afc5c9232902d543b2f96dd433d"
  integrity sha1-y/8sFXf7CvxckjKQLVQ7L5bdQz0=
  dependencies:
    audio-context "^1.0.0"
    buffer-to-arraybuffer latest
    is-audio-buffer "^1.0.1"
    is-browser "^2.0.1"
    is-buffer "^1.1.0"
    is-plain-obj "^1.1.0"

audio-buffer@^4.0.0, audio-buffer@^4.0.1, audio-buffer@^4.0.4:
  version "4.0.4"
  resolved "https://registry.yarnpkg.com/audio-buffer/-/audio-buffer-4.0.4.tgz#cdb03855a951a1c2931ac1e7b00a9d9d3a4d4858"
  integrity sha512-phH+MR3G+N/PO5ZKKxx7HlU6vJwAJFa0+FCaTjr/4lUZU/RCjUTqlk3nMJTRy5+b+6cbx8m//EtwZOVI5Ht9+w==
  dependencies:
    audio-context "^1.0.0"

audio-context@^1.0.0, audio-context@^1.0.1, audio-context@latest:
  version "1.0.3"
  resolved "https://registry.yarnpkg.com/audio-context/-/audio-context-1.0.3.tgz#aae5636691a8cdc15fc91059704cbc7c2fb7abf9"
  integrity sha512-RH3/rM74f2ITlohhjgC7oYZVS97wtv/SEjXLCzEinnrIPIDxc39m2aFc6wmdkM0NYRKo1DMleYPMAIbnTRW0eA==

audio-decode@^1.2.5:
  version "1.4.0"
  resolved "https://registry.yarnpkg.com/audio-decode/-/audio-decode-1.4.0.tgz#731c3e66dff71d29962abb4a7484cf5166d06a8b"
  integrity sha512-twthRe/K9b83xkk+7AVw7n0o1z1jaaVAwIM0m6VFy9Fl7XdQXM2Kb2MMnZoFBrjwpby+rSfqKZCFExDTZNrCHw==
  dependencies:
    audio-buffer-from "^1.1.1"
    audio-context "^1.0.1"
    audio-type "^1.0.2"
    av "^0.4.9"
    is-buffer "^1.1.4"
    mp3 "^0.1.0"
    to-array-buffer "^2.0.0"
    typedarray-to-buffer "^3.1.2"
    wav-decoder "^1.1.0"

audio-format@^2.0.0, audio-format@^2.3.2:
  version "2.3.2"
  resolved "https://registry.yarnpkg.com/audio-format/-/audio-format-2.3.2.tgz#f23fc73b308c6dfba1904da6d4cd9c7621731abd"
  integrity sha512-5IA2grZhaVhpGxX6lbJm8VVh/SKQULMXXrFxuiodi0zhzDPRB8BJfieo89AclEQv4bDxZRH4lv06qNnxqkFhKQ==
  dependencies:
    is-audio-buffer "^1.0.11"
    is-buffer "^1.1.5"
    is-plain-obj "^1.1.0"
    pick-by-alias "^1.2.0"
    sample-rate "^2.0.0"

audio-loader@^1.0.3:
  version "1.0.3"
  resolved "https://registry.yarnpkg.com/audio-loader/-/audio-loader-1.0.3.tgz#f17d6b71724e27c52b4c3d8d97d139ef360aaadd"
  integrity sha1-8X1rcXJOJ8UrTD2Nl9E57zYKqt0=
  dependencies:
    audio-context "^1.0.0"
    audio-decode "^1.2.5"
    is-absolute "^0.2.6"
    is-audio-buffer "^1.0.8"
    is-buffer "^1.1.5"
    is-relative "^0.2.1"
    is-url "^1.2.2"
    object-assign "^4.1.1"
    request "^2.74.0"

audio-play@^2.3.1:
  version "2.3.1"
  resolved "https://registry.yarnpkg.com/audio-play/-/audio-play-2.3.1.tgz#5e001820aed640f7dad5daa8eaaba72a3430bf00"
  integrity sha512-TjqdAupN+dm6tGjxRXO7N0EsauKWlGe8+4fHL724ilvzNVJ6WcgblonNktnI4R/ClTaEUijm2sUZrBJz/lSBDw==
  dependencies:
    audio-buffer "^4.0.1"
    audio-buffer-utils "^5.1.2"
    audio-context "^1.0.1"
    audio-source "^1.0.0"
    audio-speaker "^1.4.0"
    is-audio-buffer "^1.0.11"
    negative-index "^1.0.0"

audio-sink@^1.0.2:
  version "1.1.6"
  resolved "https://registry.yarnpkg.com/audio-sink/-/audio-sink-1.1.6.tgz#e1454eb1378522298d2170b7cb032c33fd1f6885"
  integrity sha1-4UVOsTeFIimNIXC3ywMsM/0faIU=
  dependencies:
    inherits "^2.0.1"
    xtend "^4.0.1"

audio-source@^1.0.0:
  version "1.1.1"
  resolved "https://registry.yarnpkg.com/audio-source/-/audio-source-1.1.1.tgz#314b99c1ea8ffad888ab42b0487ee32b8a17a948"
  integrity sha1-MUuZweqP+tiIq0KwSH7jK4oXqUg=
  dependencies:
    audio-buffer "^2.4.5"
    audio-through "^2.1.9"
    inherits "^2.0.1"
    is-audio-buffer "^1.0.1"
    pull-stream "^3.4.5"

audio-speaker@^1.4.0:
  version "1.5.1"
  resolved "https://registry.yarnpkg.com/audio-speaker/-/audio-speaker-1.5.1.tgz#185c011d5d5df5f521baaa3153c025b4c48bca2d"
  integrity sha512-FoTKQGSz9xZPOTAylfMWVKoyKZD3tcjm94AVsngkDrt7ohTVlPCX+lb0KcDD57rI0dPJprFO5GSxEbJUE3Jj+Q==
  dependencies:
    audio-through "^2.2.3"
    inherits "^2.0.1"
    is-audio-buffer "^1.0.1"
    pcm-util "^2.1.0"
    pull-stream "^3.4.5"
    web-audio-stream "^3.0.1"
  optionalDependencies:
    audio-sink "^1.0.2"
    speaker "^0.5.3"

audio-through@^2.1.9, audio-through@^2.2.3:
  version "2.2.3"
  resolved "https://registry.yarnpkg.com/audio-through/-/audio-through-2.2.3.tgz#14fc8c37b613d1c870cfaee04bf4454c28959fbf"
  integrity sha1-FPyMN7YT0chwz67gS/RFTCiVn78=
  dependencies:
    audio-buffer "^3.1.1"
    audio-context "^1.0.0"
    inherits "^2.0.1"
    is-audio-buffer "^1.0.1"
    is-promise "^2.1.0"
    object-assign "^4.1.1"
    pcm-util "^2.0.1"
    performance-now "^2.1.0"

audio-type@^1.0.2:
  version "1.0.2"
  resolved "https://registry.yarnpkg.com/audio-type/-/audio-type-1.0.2.tgz#9fab56b15734a37e56c21ef6ffadb81618af0fc0"
  integrity sha1-n6tWsVc0o35Wwh72/624FhivD8A=
  dependencies:
    is-flac "^1.1.0"
    is-m4a "^1.1.0"
    is-mp3 "^1.1.0"
    is-ogg "^1.1.0"
    is-wav "^1.1.0"
    read-chunk "^2.0.0"

av@^0.4.9:
  version "0.4.9"
  resolved "https://registry.yarnpkg.com/av/-/av-0.4.9.tgz#8c7165f739580a541ec95071423492b3ffdc6e20"
  integrity sha1-jHFl9zlYClQeyVBxQjSSs//cbiA=
  dependencies:
    coffeeify "^0.6.0"
  optionalDependencies:
    speaker "^0.3.0"

aws-sign2@~0.7.0:
  version "0.7.0"
  resolved "https://registry.yarnpkg.com/aws-sign2/-/aws-sign2-0.7.0.tgz#b46e890934a9591f2d2f6f86d7e6a9f1b3fe76a8"
  integrity sha1-tG6JCTSpWR8tL2+G1+ap8bP+dqg=

aws4@^1.8.0:
  version "1.11.0"
  resolved "https://registry.yarnpkg.com/aws4/-/aws4-1.11.0.tgz#d61f46d83b2519250e2784daf5b09479a8b41c59"
  integrity sha512-xh1Rl34h6Fi1DC2WWKfxUTVqRsNnr6LsKz2+hfwDxQJWmrx8+c7ylaqBMcHfl1U1r2dsifOvKX3LQuLNZ+XSvA==

bcrypt-pbkdf@^1.0.0:
  version "1.0.2"
  resolved "https://registry.yarnpkg.com/bcrypt-pbkdf/-/bcrypt-pbkdf-1.0.2.tgz#a4301d389b6a43f9b67ff3ca11a3f6637e360e9e"
  integrity sha1-pDAdOJtqQ/m2f/PKEaP2Y342Dp4=
  dependencies:
    tweetnacl "^0.14.3"

bindings@^1.2.1, bindings@^1.3.0:
  version "1.5.0"
  resolved "https://registry.yarnpkg.com/bindings/-/bindings-1.5.0.tgz#10353c9e945334bc0511a6d90b38fbc7c9c504df"
  integrity sha512-p2q/t/mhvuOj/UeLlV6566GD/guowlr0hHxClI0W9m7MWYkL1F0hLo+0Aexs9HSPCtR1SXQ0TD3MMKrXZajbiQ==
  dependencies:
    file-uri-to-path "1.0.0"

buffer-alloc-unsafe@^1.1.0:
  version "1.1.0"
  resolved "https://registry.yarnpkg.com/buffer-alloc-unsafe/-/buffer-alloc-unsafe-1.1.0.tgz#bd7dc26ae2972d0eda253be061dba992349c19f0"
  integrity sha512-TEM2iMIEQdJ2yjPJoSIsldnleVaAk1oW3DBVUykyOLsEsFmEc9kn+SFFPz+gl54KQNxlDnAwCXosOS9Okx2xAg==

buffer-alloc@^1.1.0:
  version "1.2.0"
  resolved "https://registry.yarnpkg.com/buffer-alloc/-/buffer-alloc-1.2.0.tgz#890dd90d923a873e08e10e5fd51a57e5b7cce0ec"
  integrity sha512-CFsHQgjtW1UChdXgbyJGtnm+O/uLQeZdtbDo8mfUgYXCHSM1wgrVxXm6bSyrUuErEb+4sYVGCzASBRot7zyrow==
  dependencies:
    buffer-alloc-unsafe "^1.1.0"
    buffer-fill "^1.0.0"

buffer-fill@^1.0.0:
  version "1.0.0"
  resolved "https://registry.yarnpkg.com/buffer-fill/-/buffer-fill-1.0.0.tgz#f8f78b76789888ef39f205cd637f68e702122b2c"
  integrity sha1-+PeLdniYiO858gXNY39o5wISKyw=

buffer-to-arraybuffer@latest:
  version "0.0.6"
  resolved "https://registry.yarnpkg.com/buffer-to-arraybuffer/-/buffer-to-arraybuffer-0.0.6.tgz#7aaef87ce8441146b4874142c1197e34f9a9c995"
  integrity sha512-i/ndmmCF5QC1D75QCO1EPwYRPIVRVs2yLwkl2bc8R5P1ORHGZZAbTwmYM/vpXt7KzCe+Y57E8YPGTJywgWBNRw==

caseless@~0.12.0:
  version "0.12.0"
  resolved "https://registry.yarnpkg.com/caseless/-/caseless-0.12.0.tgz#1b681c21ff84033c826543090689420d187151dc"
  integrity sha1-G2gcIf+EAzyCZUMJBolCDRhxUdw=

clamp@^1.0.1:
  version "1.0.1"
  resolved "https://registry.yarnpkg.com/clamp/-/clamp-1.0.1.tgz#66a0e64011816e37196828fdc8c8c147312c8634"
  integrity sha1-ZqDmQBGBbjcZaCj9yMjBRzEshjQ=

coffee-script@~1.7.0:
  version "1.7.1"
  resolved "https://registry.yarnpkg.com/coffee-script/-/coffee-script-1.7.1.tgz#62996a861780c75e6d5069d13822723b73404bfc"
  integrity sha1-YplqhheAx15tUGnROCJyO3NAS/w=
  dependencies:
    mkdirp "~0.3.5"

coffeeify@^0.6.0:
  version "0.6.0"
  resolved "https://registry.yarnpkg.com/coffeeify/-/coffeeify-0.6.0.tgz#75caba9b2e92c7836c92465c883b6acc9d894652"
  integrity sha1-dcq6my6Sx4NskkZciDtqzJ2JRlI=
  dependencies:
    coffee-script "~1.7.0"
    convert-source-map "~0.3.3"
    through "~2.3.4"

combined-stream@^1.0.6, combined-stream@~1.0.6:
  version "1.0.8"
  resolved "https://registry.yarnpkg.com/combined-stream/-/combined-stream-1.0.8.tgz#c3d45a8b34fd730631a110a8a2520682b31d5a7f"
  integrity sha512-FQN4MRfuJeHf7cBbBMJFXhKSDq+2kAArBlmRBvcvFE5BB1HZKXtSFASDhdlz9zOYwxh8lDdnvmMOe/+5cdoEdg==
  dependencies:
    delayed-stream "~1.0.0"

convert-source-map@~0.3.3:
  version "0.3.5"
  resolved "https://registry.yarnpkg.com/convert-source-map/-/convert-source-map-0.3.5.tgz#f1d802950af7dd2631a1febe0596550c86ab3190"
  integrity sha1-8dgClQr33SYxof6+BZZVDIarMZA=

core-util-is@1.0.2:
  version "1.0.2"
  resolved "https://registry.yarnpkg.com/core-util-is/-/core-util-is-1.0.2.tgz#b5fd54220aa2bc5ab57aab7140c940754503c1a7"
  integrity sha1-tf1UIgqivFq1eqtxQMlAdUUDwac=

core-util-is@~1.0.0:
  version "1.0.3"
  resolved "https://registry.yarnpkg.com/core-util-is/-/core-util-is-1.0.3.tgz#a6042d3634c2b27e9328f837b965fac83808db85"
  integrity sha512-ZQBvi1DcpJ4GDqanjucZ2Hj3wEO5pZDS89BWbkcrvdxksJorwUDDZamX9ldFkp9aw2lmBDLgkObEA4DWNJ9FYQ==

dashdash@^1.12.0:
  version "1.14.1"
  resolved "https://registry.yarnpkg.com/dashdash/-/dashdash-1.14.1.tgz#853cfa0f7cbe2fed5de20326b8dd581035f6e2f0"
  integrity sha1-hTz6D3y+L+1d4gMmuN1YEDX24vA=
  dependencies:
    assert-plus "^1.0.0"

data-uri-regex@^0.1.2:
  version "0.1.4"
  resolved "https://registry.yarnpkg.com/data-uri-regex/-/data-uri-regex-0.1.4.tgz#1e1db6c8397eca8a48ecdb55ad1b927ec0bbac2e"
  integrity sha1-Hh22yDl+yopI7NtVrRuSfsC7rC4=

data-uri-to-buffer@^4.0.0:
  version "4.0.0"
  resolved "https://registry.yarnpkg.com/data-uri-to-buffer/-/data-uri-to-buffer-4.0.0.tgz#b5db46aea50f6176428ac05b73be39a57701a64b"
  integrity sha512-Vr3mLBA8qWmcuschSLAOogKgQ/Jwxulv3RNE4FXnYWRGujzrRWQI4m12fQqRkwX06C0KanhLr4hK+GydchZsaA==

date-fns@^2.28.0:
  version "2.28.0"
  resolved "https://registry.yarnpkg.com/date-fns/-/date-fns-2.28.0.tgz#9570d656f5fc13143e50c975a3b6bbeb46cd08b2"
  integrity sha512-8d35hViGYx/QH0icHYCeLmsLmMUheMmTyV9Fcm6gvNwdw31yXXH+O85sOBJ+OLnLQMKZowvpKb6FgMIQjcpvQw==

debug@^2.2.0:
  version "2.6.9"
  resolved "https://registry.yarnpkg.com/debug/-/debug-2.6.9.tgz#5d128515df134ff327e90a4c93f4e077a536341f"
  integrity sha512-bC7ElrdJaJnPbAP+1EotYvqZsb3ecl5wi6Bfi6BJTUcNowp6cvspg0jXznRTKDjm/E7AdgFBVeAPVMNcKGsHMA==
  dependencies:
    ms "2.0.0"

debug@^4.0.0:
  version "4.3.3"
  resolved "https://registry.yarnpkg.com/debug/-/debug-4.3.3.tgz#04266e0b70a98d4462e6e288e38259213332b664"
  integrity sha512-/zxw5+vh1Tfv+4Qn7a5nsbcJKPaSvCDhojn6FEl9vupwK2VCSDtEiEtqr8DFtzYFOdz63LBkxec7DYuc2jon6Q==
  dependencies:
    ms "2.1.2"

delayed-stream@~1.0.0:
  version "1.0.0"
  resolved "https://registry.yarnpkg.com/delayed-stream/-/delayed-stream-1.0.0.tgz#df3ae199acadfb7d440aaae0b29e2272b24ec619"
  integrity sha1-3zrhmayt+31ECqrgsp4icrJOxhk=

domify@~1.0.0:
  version "1.0.0"
  resolved "https://registry.yarnpkg.com/domify/-/domify-1.0.0.tgz#9bd040119a3a56dbe12f406a01a3bd1b69fea5c3"
  integrity sha1-m9BAEZo6VtvhL0BqAaO9G2n+pcM=

dotenv@^16.0.0:
  version "16.0.0"
  resolved "https://registry.yarnpkg.com/dotenv/-/dotenv-16.0.0.tgz#c619001253be89ebb638d027b609c75c26e47411"
  integrity sha512-qD9WU0MPM4SWLPJy/r2Be+2WgQj8plChsyrCNQzW/0WjvcJQiKQJ9mH3ZgB3fxbUUxgc/11ZJ0Fi5KiimWGz2Q==

dtype@^2.0.0:
  version "2.0.0"
  resolved "https://registry.yarnpkg.com/dtype/-/dtype-2.0.0.tgz#cd052323ce061444ecd2e8f5748f69a29be28434"
  integrity sha1-zQUjI84GFETs0uj1dI9popvihDQ=

ecc-jsbn@~0.1.1:
  version "0.1.2"
  resolved "https://registry.yarnpkg.com/ecc-jsbn/-/ecc-jsbn-0.1.2.tgz#3a83a904e54353287874c564b7549386849a98c9"
  integrity sha1-OoOpBOVDUyh4dMVkt1SThoSamMk=
  dependencies:
    jsbn "~0.1.0"
    safer-buffer "^2.1.0"

extend@~3.0.2:
  version "3.0.2"
  resolved "https://registry.yarnpkg.com/extend/-/extend-3.0.2.tgz#f8b1136b4071fbd8eb140aff858b1019ec2915fa"
  integrity sha512-fjquC59cD7CyW6urNXK0FBufkZcoiGG80wTuPujX590cB5Ttln20E2UB4S/WARVqhXffZl2LNgS+gQdPIIim/g==

extsprintf@1.3.0:
  version "1.3.0"
  resolved "https://registry.yarnpkg.com/extsprintf/-/extsprintf-1.3.0.tgz#96918440e3041a7a414f8c52e3c574eb3c3e1e05"
  integrity sha1-lpGEQOMEGnpBT4xS48V06zw+HgU=

extsprintf@^1.2.0:
  version "1.4.1"
  resolved "https://registry.yarnpkg.com/extsprintf/-/extsprintf-1.4.1.tgz#8d172c064867f235c0c84a596806d279bf4bcc07"
  integrity sha512-Wrk35e8ydCKDj/ArClo1VrPVmN8zph5V4AtHwIuHhvMXsKf73UT3BOD+azBIW+3wOJ4FhEH7zyaJCFvChjYvMA==

fast-deep-equal@^3.1.1:
  version "3.1.3"
  resolved "https://registry.yarnpkg.com/fast-deep-equal/-/fast-deep-equal-3.1.3.tgz#3a7d56b559d6cbc3eb512325244e619a65c6c525"
  integrity sha512-f3qQ9oQy9j2AhBe/H9VC91wLmKBCCU/gDOnKNAYG5hswO7BLKj09Hc5HYNz9cGI++xlpDCIgDaitVs03ATR84Q==

fast-json-stable-stringify@^2.0.0:
  version "2.1.0"
  resolved "https://registry.yarnpkg.com/fast-json-stable-stringify/-/fast-json-stable-stringify-2.1.0.tgz#874bf69c6f404c2b5d99c481341399fd55892633"
  integrity sha512-lhd/wF+Lk98HZoTCtlVraHtfh5XYijIjalXck7saUtuanSDyLMxnHhSXEDJqHxD7msR8D0uCmqlkwjCV8xvwHw==

fetch-blob@^3.1.2, fetch-blob@^3.1.4:
  version "3.1.4"
  resolved "https://registry.yarnpkg.com/fetch-blob/-/fetch-blob-3.1.4.tgz#e8c6567f80ad7fc22fd302e7dcb72bafde9c1717"
  integrity sha512-Eq5Xv5+VlSrYWEqKrusxY1C3Hm/hjeAsCGVG3ft7pZahlUAChpGZT/Ms1WmSLnEAisEXszjzu/s+ce6HZB2VHA==
  dependencies:
    node-domexception "^1.0.0"
    web-streams-polyfill "^3.0.3"

file-uri-to-path@1.0.0:
  version "1.0.0"
  resolved "https://registry.yarnpkg.com/file-uri-to-path/-/file-uri-to-path-1.0.0.tgz#553a7b8446ff6f684359c445f1e37a05dacc33dd"
  integrity sha512-0Zt+s3L7Vf1biwWZ29aARiVYLx7iMGnEUl9x33fbB/j3jR81u/O2LbqK+Bm1CDSNDKVtJ/YjwY7TUd5SkeLQLw==

flatten-vertex-data@^1.0.2:
  version "1.0.2"
  resolved "https://registry.yarnpkg.com/flatten-vertex-data/-/flatten-vertex-data-1.0.2.tgz#889fd60bea506006ca33955ee1105175fb620219"
  integrity sha512-BvCBFK2NZqerFTdMDgqfHBwxYWnxeCkwONsw6PvBMcUXqo8U/KDWwmXhqx1x2kLIg7DqIsJfOaJFOmlua3Lxuw==
  dependencies:
    dtype "^2.0.0"

forever-agent@~0.6.1:
  version "0.6.1"
  resolved "https://registry.yarnpkg.com/forever-agent/-/forever-agent-0.6.1.tgz#fbc71f0c41adeb37f96c577ad1ed42d8fdacca91"
  integrity sha1-+8cfDEGt6zf5bFd60e1C2P2sypE=

form-data@~2.3.2:
  version "2.3.3"
  resolved "https://registry.yarnpkg.com/form-data/-/form-data-2.3.3.tgz#dcce52c05f644f298c6a7ab936bd724ceffbf3a6"
  integrity sha512-1lLKB2Mu3aGP1Q/2eCOx0fNbRMe7XdwktwOruhfqqd0rIJWwN4Dh+E3hrPSlDCXnSR7UtZ1N38rVXm+6+MEhJQ==
  dependencies:
    asynckit "^0.4.0"
    combined-stream "^1.0.6"
    mime-types "^2.1.12"

formdata-polyfill@^4.0.10:
  version "4.0.10"
  resolved "https://registry.yarnpkg.com/formdata-polyfill/-/formdata-polyfill-4.0.10.tgz#24807c31c9d402e002ab3d8c720144ceb8848423"
  integrity sha512-buewHzMvYL29jdeQTVILecSaZKnt/RJWjoZCF5OW60Z67/GmSLBkOFM7qh1PI3zFNtJbaZL5eQu1vLfazOwj4g==
  dependencies:
    fetch-blob "^3.1.2"

getpass@^0.1.1:
  version "0.1.7"
  resolved "https://registry.yarnpkg.com/getpass/-/getpass-0.1.7.tgz#5eff8e3e684d569ae4cb2b1282604e8ba62149fa"
  integrity sha1-Xv+OPmhNVprkyysSgmBOi6YhSfo=
  dependencies:
    assert-plus "^1.0.0"

har-schema@^2.0.0:
  version "2.0.0"
  resolved "https://registry.yarnpkg.com/har-schema/-/har-schema-2.0.0.tgz#a94c2224ebcac04782a0d9035521f24735b7ec92"
  integrity sha1-qUwiJOvKwEeCoNkDVSHyRzW37JI=

har-validator@~5.1.3:
  version "5.1.5"
  resolved "https://registry.yarnpkg.com/har-validator/-/har-validator-5.1.5.tgz#1f0803b9f8cb20c0fa13822df1ecddb36bde1efd"
  integrity sha512-nmT2T0lljbxdQZfspsno9hgrG3Uir6Ks5afism62poxqBM6sDnMEuPmzTq8XN0OEwqKLLdh1jQI3qyE66Nzb3w==
  dependencies:
    ajv "^6.12.3"
    har-schema "^2.0.0"

http-signature@~1.2.0:
  version "1.2.0"
  resolved "https://registry.yarnpkg.com/http-signature/-/http-signature-1.2.0.tgz#9aecd925114772f3d95b65a60abb8f7c18fbace1"
  integrity sha1-muzZJRFHcvPZW2WmCruPfBj7rOE=
  dependencies:
    assert-plus "^1.0.0"
    jsprim "^1.2.2"
    sshpk "^1.7.0"

inherits@^2.0.1, inherits@^2.0.3, inherits@~2.0.3:
  version "2.0.4"
  resolved "https://registry.yarnpkg.com/inherits/-/inherits-2.0.4.tgz#0fa2c64f932917c3433a0ded55363aae37416b7c"
  integrity sha512-k/vGaX4/Yla3WzyMCvTQOXYeIHvqOKtnqBduzTHpzpQZzAskKMhZ2K+EnBiSM9zGSoIFeMpXKxa4dYeZIQqewQ==

is-absolute@^0.2.6:
  version "0.2.6"
  resolved "https://registry.yarnpkg.com/is-absolute/-/is-absolute-0.2.6.tgz#20de69f3db942ef2d87b9c2da36f172235b1b5eb"
  integrity sha1-IN5p89uULvLYe5wto28XIjWxtes=
  dependencies:
    is-relative "^0.2.1"
    is-windows "^0.2.0"

is-audio-buffer@^1.0.0, is-audio-buffer@^1.0.1, is-audio-buffer@^1.0.11, is-audio-buffer@^1.0.5, is-audio-buffer@^1.0.8:
  version "1.1.0"
  resolved "https://registry.yarnpkg.com/is-audio-buffer/-/is-audio-buffer-1.1.0.tgz#f4c7f274d20180f993f9b1650768cb77bedd4470"
  integrity sha512-fmPC/dizJmP4ITCsW5oTQGMJ9wZVE+A/zAe6FQo3XwgERxmXHmm3ON5XkWDAxmyxvsrDmWx3NArpSgamp/59AA==

is-base64@^0.1.0:
  version "0.1.0"
  resolved "https://registry.yarnpkg.com/is-base64/-/is-base64-0.1.0.tgz#a6f20610c6ef4863a51cba32bc0222544b932622"
  integrity sha512-WRRyllsGXJM7ZN7gPTCCQ/6wNPTRDwiWdPK66l5sJzcU/oOzcIcRRf0Rux8bkpox/1yjt0F6VJRsQOIG2qz5sg==

is-blob@^2.0.1:
  version "2.1.0"
  resolved "https://registry.yarnpkg.com/is-blob/-/is-blob-2.1.0.tgz#e36cd82c90653f1e1b930f11baf9c64216a05385"
  integrity sha512-SZ/fTft5eUhQM6oF/ZaASFDEdbFVe89Imltn9uZr03wdKMcWNVYSMjQPFtg05QuNkt5l5c135ElvXEQG0rk4tw==

is-browser@^2.0.1:
  version "2.1.0"
  resolved "https://registry.yarnpkg.com/is-browser/-/is-browser-2.1.0.tgz#fc084d59a5fced307d6708c59356bad7007371a9"
  integrity sha512-F5rTJxDQ2sW81fcfOR1GnCXT6sVJC104fCyfj+mjpwNEwaPYSn5fte5jiHmBg3DHsIoL/l8Kvw5VN5SsTRcRFQ==

is-buffer@^1.1.0, is-buffer@^1.1.4, is-buffer@^1.1.5:
  version "1.1.6"
  resolved "https://registry.yarnpkg.com/is-buffer/-/is-buffer-1.1.6.tgz#efaa2ea9daa0d7ab2ea13a97b2b8ad51fefbe8be"
  integrity sha512-NcdALwpXkTm5Zvvbk7owOUSvVvBKDgKP5/ewfXEznmQFfs4ZRmanOeKBTjRVjka3QFoN6XJ+9F3USqfHqTaU5w==

is-buffer@^2.0.0:
  version "2.0.5"
  resolved "https://registry.yarnpkg.com/is-buffer/-/is-buffer-2.0.5.tgz#ebc252e400d22ff8d77fa09888821a24a658c191"
  integrity sha512-i2R6zNFDwgEHJyQUtJEk0XFi1i0dPFn/oqjK3/vPCcDeJvW5NQ83V8QbicfF1SupOaB0h8ntgBC2YiE7dfyctQ==

is-data-uri@^0.1.0:
  version "0.1.0"
  resolved "https://registry.yarnpkg.com/is-data-uri/-/is-data-uri-0.1.0.tgz#46ee67b63c18c1ffa0bd4dfab2cd2c81c728237f"
  integrity sha1-Ru5ntjwYwf+gvU36ss0sgccoI38=
  dependencies:
    data-uri-regex "^0.1.2"

is-flac@^1.1.0:
  version "1.1.2"
  resolved "https://registry.yarnpkg.com/is-flac/-/is-flac-1.1.2.tgz#c4c5918fa211e51b7a6e9a7cc751809eae8c002c"
  integrity sha1-xMWRj6IR5Rt6bpp8x1GAnq6MACw=

is-m4a@^1.1.0:
  version "1.1.0"
  resolved "https://registry.yarnpkg.com/is-m4a/-/is-m4a-1.1.0.tgz#0f16c84b3b9fbf1fdf8c39f8846846264ddbdd3c"
  integrity sha1-DxbISzufvx/fjDn4hGhGJk3b3Tw=

is-mp3@^1.1.0:
  version "1.1.3"
  resolved "https://registry.yarnpkg.com/is-mp3/-/is-mp3-1.1.3.tgz#62a1e73c20601f46cb1f1bf592504f939f0bd4c8"
  integrity sha1-YqHnPCBgH0bLHxv1klBPk58L1Mg=

is-ogg@^1.1.0:
  version "1.1.2"
  resolved "https://registry.yarnpkg.com/is-ogg/-/is-ogg-1.1.2.tgz#956a0e023ce7b5c484fac0e2ff427834f6a76493"
  integrity sha1-lWoOAjzntcSE+sDi/0J4NPanZJM=

is-plain-obj@^1.1.0:
  version "1.1.0"
  resolved "https://registry.yarnpkg.com/is-plain-obj/-/is-plain-obj-1.1.0.tgz#71a50c8429dfca773c92a390a4a03b39fcd51d3e"
  integrity sha1-caUMhCnfync8kqOQpKA7OfzVHT4=

is-program-installed@2.2.0:
  version "2.2.0"
  resolved "https://registry.yarnpkg.com/is-program-installed/-/is-program-installed-2.2.0.tgz#d8af27a6e7630c9f093d5f248ae9507461d9da8b"
  integrity sha512-QMtzB/n6+G0iXDfi4ErIn1mZEZgoTLQxjgBdvMG2iPN/xWmjjXT53XOfaqcCT9At4B7QiMBY3Hvf8N4DB7MNtA==

is-promise@^2.1.0:
  version "2.2.2"
  resolved "https://registry.yarnpkg.com/is-promise/-/is-promise-2.2.2.tgz#39ab959ccbf9a774cf079f7b40c7a26f763135f1"
  integrity sha512-+lP4/6lKUBfQjZ2pdxThZvLUAafmZb8OAxFb8XXtiQmS35INgr85hdOGoEs124ez1FCnZJt6jau/T+alh58QFQ==

is-relative@^0.2.1:
  version "0.2.1"
  resolved "https://registry.yarnpkg.com/is-relative/-/is-relative-0.2.1.tgz#d27f4c7d516d175fb610db84bbeef23c3bc97aa5"
  integrity sha1-0n9MfVFtF1+2ENuEu+7yPDvJeqU=
  dependencies:
    is-unc-path "^0.1.1"

is-typedarray@^1.0.0, is-typedarray@~1.0.0:
  version "1.0.0"
  resolved "https://registry.yarnpkg.com/is-typedarray/-/is-typedarray-1.0.0.tgz#e479c80858df0c1b11ddda6940f96011fcda4a9a"
  integrity sha1-5HnICFjfDBsR3dppQPlgEfzaSpo=

is-unc-path@^0.1.1:
  version "0.1.2"
  resolved "https://registry.yarnpkg.com/is-unc-path/-/is-unc-path-0.1.2.tgz#6ab053a72573c10250ff416a3814c35178af39b9"
  integrity sha1-arBTpyVzwQJQ/0FqOBTDUXivObk=
  dependencies:
    unc-path-regex "^0.1.0"

is-url@^1.2.2:
  version "1.2.4"
  resolved "https://registry.yarnpkg.com/is-url/-/is-url-1.2.4.tgz#04a4df46d28c4cff3d73d01ff06abeb318a1aa52"
  integrity sha512-ITvGim8FhRiYe4IQ5uHSkj7pVaPDrCTkNd3yq3cV7iZAcJdHTUMPMEHcqSOy9xZ9qFenQCvi+2wjH9a1nXqHww==

is-wav@^1.1.0:
  version "1.1.2"
  resolved "https://registry.yarnpkg.com/is-wav/-/is-wav-1.1.2.tgz#d9caccf355a834d7f5b828f009811d097d54050e"
  integrity sha1-2crM81WoNNf1uCjwCYEdCX1UBQ4=

is-windows@^0.2.0:
  version "0.2.0"
  resolved "https://registry.yarnpkg.com/is-windows/-/is-windows-0.2.0.tgz#de1aa6d63ea29dd248737b69f1ff8b8002d2108c"
  integrity sha1-3hqm1j6indJIc3tp8f+LgALSEIw=

isarray@~1.0.0:
  version "1.0.0"
  resolved "https://registry.yarnpkg.com/isarray/-/isarray-1.0.0.tgz#bb935d48582cba168c06834957a54a3e07124f11"
  integrity sha1-u5NdSFgsuhaMBoNJV6VKPgcSTxE=

isstream@~0.1.2:
  version "0.1.2"
  resolved "https://registry.yarnpkg.com/isstream/-/isstream-0.1.2.tgz#47e63f7af55afa6f92e1500e690eb8b8529c099a"
  integrity sha1-R+Y/evVa+m+S4VAOaQ64uFKcCZo=

jsbn@~0.1.0:
  version "0.1.1"
  resolved "https://registry.yarnpkg.com/jsbn/-/jsbn-0.1.1.tgz#a5e654c2e5a2deb5f201d96cefbca80c0ef2f513"
  integrity sha1-peZUwuWi3rXyAdls77yoDA7y9RM=

json-schema-traverse@^0.4.1:
  version "0.4.1"
  resolved "https://registry.yarnpkg.com/json-schema-traverse/-/json-schema-traverse-0.4.1.tgz#69f6a87d9513ab8bb8fe63bdb0979c448e684660"
  integrity sha512-xbbCH5dCYU5T8LcEhhuh7HJ88HXuW3qsI3Y0zOZFKfZEHcpWiHU/Jxzk629Brsab/mMiHQti9wMP+845RPe3Vg==

json-schema@0.4.0:
  version "0.4.0"
  resolved "https://registry.yarnpkg.com/json-schema/-/json-schema-0.4.0.tgz#f7de4cf6efab838ebaeb3236474cbba5a1930ab5"
  integrity sha512-es94M3nTIfsEPisRafak+HDLfHXnKBhV3vU5eqPcS3flIWqcxJWgXHXiey3YrpaNsanY5ei1VoYEbOzijuq9BA==

json-stringify-safe@~5.0.1:
  version "5.0.1"
  resolved "https://registry.yarnpkg.com/json-stringify-safe/-/json-stringify-safe-5.0.1.tgz#1296a2d58fd45f19a0f6ce01d65701e2c735b6eb"
  integrity sha1-Epai1Y/UXxmg9s4B1lcB4sc1tus=

jsprim@^1.2.2:
  version "1.4.2"
  resolved "https://registry.yarnpkg.com/jsprim/-/jsprim-1.4.2.tgz#712c65533a15c878ba59e9ed5f0e26d5b77c5feb"
  integrity sha512-P2bSOMAc/ciLz6DzgjVlGJP9+BrJWu5UDGK70C2iweC5QBIeFf0ZXRvGjEj2uYgrY2MkAAhsSWHDWlFtEroZWw==
  dependencies:
    assert-plus "1.0.0"
    extsprintf "1.3.0"
    json-schema "0.4.0"
    verror "1.10.0"

mime-db@1.51.0:
  version "1.51.0"
  resolved "https://registry.yarnpkg.com/mime-db/-/mime-db-1.51.0.tgz#d9ff62451859b18342d960850dc3cfb77e63fb0c"
  integrity sha512-5y8A56jg7XVQx2mbv1lu49NR4dokRnhZYTtL+KGfaa27uq4pSTXkwQkFJl4pkRMyNFz/EtYDSkiiEHx3F7UN6g==

mime-types@^2.1.12, mime-types@~2.1.19:
  version "2.1.34"
  resolved "https://registry.yarnpkg.com/mime-types/-/mime-types-2.1.34.tgz#5a712f9ec1503511a945803640fafe09d3793c24"
  integrity sha512-6cP692WwGIs9XXdOO4++N+7qjqv0rqxxVvJ3VHPh/Sc9mVZcQP+ZGhkKiTvWMQRr2tbHkJP/Yn7Y0npb3ZBs4A==
  dependencies:
    mime-db "1.51.0"

mkdirp@~0.3.5:
  version "0.3.5"
  resolved "https://registry.yarnpkg.com/mkdirp/-/mkdirp-0.3.5.tgz#de3e5f8961c88c787ee1368df849ac4413eca8d7"
  integrity sha1-3j5fiWHIjHh+4TaN+EmsRBPsqNc=

mp3@^0.1.0:
  version "0.1.0"
  resolved "https://registry.yarnpkg.com/mp3/-/mp3-0.1.0.tgz#e53e4723e34698ee3ffddcdb60bf88356a4910c1"
  integrity sha1-5T5HI+NGmO4//dzbYL+INWpJEME=

ms@2.0.0:
  version "2.0.0"
  resolved "https://registry.yarnpkg.com/ms/-/ms-2.0.0.tgz#5608aeadfc00be6c2901df5f9861788de0d597c8"
  integrity sha1-VgiurfwAvmwpAd9fmGF4jeDVl8g=

ms@2.1.2:
  version "2.1.2"
  resolved "https://registry.yarnpkg.com/ms/-/ms-2.1.2.tgz#d09d1f357b443f493382a8eb3ccd183872ae6009"
  integrity sha512-sGkPx+VjMtmA6MX27oA4FBFELFCZZ4S4XqeGOXCv68tT+jb3vk/RyaKWP0PTKyWtmLSM0b+adUTEvbs1PEaH2w==

nan@^2.2.0:
  version "2.15.0"
  resolved "https://registry.yarnpkg.com/nan/-/nan-2.15.0.tgz#3f34a473ff18e15c1b5626b62903b5ad6e665fee"
  integrity sha512-8ZtvEnA2c5aYCZYd1cvgdnU6cqwixRoYg70xPLWUws5ORTa/lnw+u4amixRS/Ac5U5mQVgp9pnlSUnbNWFaWZQ==

negative-index@^1.0.0, negative-index@^1.0.2:
  version "1.0.3"
  resolved "https://registry.yarnpkg.com/negative-index/-/negative-index-1.0.3.tgz#d5cd63255dedf1f7894e1513a8b9526c7af387af"
  integrity sha512-SzyzUmUYmerjD9gOEqizFRcDakY+Cf/59rOfqMi4bT212PN6g+jkUOjr/Sx9oOUOxi7qf6dsRwE0PPeRIq4DRw==
  dependencies:
    negative-zero "^2.0.0"

negative-zero@^2.0.0:
  version "2.0.0"
  resolved "https://registry.yarnpkg.com/negative-zero/-/negative-zero-2.0.0.tgz#ee301aa3014b40180916a19e37792a3756708557"
  integrity sha1-7jAaowFLQBgJFqGeN3kqN1ZwhVc=

new-chain-notify@~0.0.1:
  version "0.0.1"
  resolved "https://registry.yarnpkg.com/new-chain-notify/-/new-chain-notify-0.0.1.tgz#a7dff16792a4edf76b4056a7274023a9b90e2d44"
  integrity sha512-awXwhUwftHIYOEg5zCelTAWdAqVsNv1uRuik8CiYSXS1fM3+7Tmnpk57PCHhBCk7lhpVDhmtq3qHrLhlEILxcQ==

node-domexception@^1.0.0:
  version "1.0.0"
  resolved "https://registry.yarnpkg.com/node-domexception/-/node-domexception-1.0.0.tgz#6888db46a1f71c0b76b3f7555016b63fe64766e5"
  integrity sha512-/jKZoMpw0F8GRwl4/eLROPA3cfcXtLApP0QzLmUT/HuPCZWyB7IY9ZrMeKw2O/nFIqPQB3PVM9aYm0F312AXDQ==

node-fetch@^3.2.2:
  version "3.2.2"
  resolved "https://registry.yarnpkg.com/node-fetch/-/node-fetch-3.2.2.tgz#16d33fbe32ca7c6ca1ca8ba5dfea1dd885c59f04"
  integrity sha512-Cwhq1JFIoon15wcIkFzubVNFE5GvXGV82pKf4knXXjvGmn7RJKcypeuqcVNZMGDZsAFWyIRya/anwAJr7TWJ7w==
  dependencies:
    data-uri-to-buffer "^4.0.0"
    fetch-blob "^3.1.4"
    formdata-polyfill "^4.0.10"

oauth-sign@~0.9.0:
  version "0.9.0"
  resolved "https://registry.yarnpkg.com/oauth-sign/-/oauth-sign-0.9.0.tgz#47a7b016baa68b5fa0ecf3dee08a85c679ac6455"
  integrity sha512-fexhUFFPTGV8ybAtSIGbV6gOkSv8UtRbDBnAyLQw4QPKkgNlsH2ByPGtMUqdWkos6YCRmAqViwgZrJc/mRDzZQ==

object-assign@^4.1.1:
  version "4.1.1"
  resolved "https://registry.yarnpkg.com/object-assign/-/object-assign-4.1.1.tgz#2109adc7965887cfc05cbbd442cac8bfbb360863"
  integrity sha1-IQmtx5ZYh8/AXLvUQsrIv7s2CGM=

pcm-convert@^1.6.0:
  version "1.6.5"
  resolved "https://registry.yarnpkg.com/pcm-convert/-/pcm-convert-1.6.5.tgz#81b5f2d0c2fb386edb8b9f69ce2374e093aeb7cc"
  integrity sha512-5CEspU4j8aEQ80AhNbcLfpT0apc93E6endFxahWd4sV70I6PN7LPdz8GoYm/1qr400K9bUVsVA+KxNgbFROZPw==
  dependencies:
    audio-format "^2.3.2"
    is-audio-buffer "^1.0.11"
    is-buffer "^1.1.5"
    object-assign "^4.1.1"

pcm-util@^2.0.1, pcm-util@^2.1.0:
  version "2.1.0"
  resolved "https://registry.yarnpkg.com/pcm-util/-/pcm-util-2.1.0.tgz#51ace46b09e0117fb92f654f632dcb2ed9c86065"
  integrity sha1-UazkawngEX+5L2VPYy3LLtnIYGU=
  dependencies:
    audio-buffer "^3.0.0"
    is-audio-buffer "^1.0.1"
    is-buffer "^1.1.0"
    to-array-buffer "^1.0.0"

performance-now@^2.1.0:
  version "2.1.0"
  resolved "https://registry.yarnpkg.com/performance-now/-/performance-now-2.1.0.tgz#6309f4e0e5fa913ec1c69307ae364b4b377c9e7b"
  integrity sha1-Ywn04OX6kT7BxpMHrjZLSzd8nns=

pick-by-alias@^1.2.0:
  version "1.2.0"
  resolved "https://registry.yarnpkg.com/pick-by-alias/-/pick-by-alias-1.2.0.tgz#5f7cb2b1f21a6e1e884a0c87855aa4a37361107b"
  integrity sha1-X3yysfIabh6ISgyHhVqko3NhEHs=

pify@^3.0.0:
  version "3.0.0"
  resolved "https://registry.yarnpkg.com/pify/-/pify-3.0.0.tgz#e5a4acd2c101fdf3d9a4d07f0dbc4db49dd28176"
  integrity sha1-5aSs0sEB/fPZpNB/DbxNtJ3SgXY=

play-audio-notify@~0.0.3:
  version "0.0.3"
  resolved "https://registry.yarnpkg.com/play-audio-notify/-/play-audio-notify-0.0.3.tgz#342b78bc2e3cb3a1c663f6156ff77e7910f39d68"
  integrity sha512-FZXVp6NcOVJXEsyXWhxyow1cOKtmufODt8ijDfhbKjFTgOlQxCLcKulq8D+2fbnCqsyA/H3CEY+QEcOHK2nfFg==
  dependencies:
    domify "~1.0.0"
    new-chain-notify "~0.0.1"

process-nextick-args@~2.0.0:
  version "2.0.1"
  resolved "https://registry.yarnpkg.com/process-nextick-args/-/process-nextick-args-2.0.1.tgz#7820d9b16120cc55ca9ae7792680ae7dba6d7fe2"
  integrity sha512-3ouUOpQhtgrbOa17J7+uxOTpITYWaGP7/AhoR3+A+/1e9skrzelGi/dXzEYyvbxubEF6Wn2ypscTKiKJFFn1ag==

psl@^1.1.28:
  version "1.8.0"
  resolved "https://registry.yarnpkg.com/psl/-/psl-1.8.0.tgz#9326f8bcfb013adcc005fdff056acce020e51c24"
  integrity sha512-RIdOzyoavK+hA18OGGWDqUTsCLhtA7IcZ/6NCs4fFJaHBDab+pDDmDIByWFRQJq2Cd7r1OoQxBGKOaztq+hjIQ==

pull-stream@^3.4.4, pull-stream@^3.4.5:
  version "3.6.14"
  resolved "https://registry.yarnpkg.com/pull-stream/-/pull-stream-3.6.14.tgz#529dbd5b86131f4a5ed636fdf7f6af00781357ee"
  integrity sha512-KIqdvpqHHaTUA2mCYcLG1ibEbu/LCKoJZsBWyv9lSYtPkJPBq8m3Hxa103xHi6D2thj5YXa0TqK3L3GUkwgnew==

punycode@^2.1.0, punycode@^2.1.1:
  version "2.1.1"
  resolved "https://registry.yarnpkg.com/punycode/-/punycode-2.1.1.tgz#b58b010ac40c22c5657616c8d2c2c02c7bf479ec"
  integrity sha512-XRsRjdf+j5ml+y/6GKHPZbrF/8p2Yga0JPtdqTIY2Xe5ohJPD9saDJJLPvp9+NSBprVvevdXZybnj2cv8OEd0A==

qs@~6.5.2:
  version "6.5.3"
  resolved "https://registry.yarnpkg.com/qs/-/qs-6.5.3.tgz#3aeeffc91967ef6e35c0e488ef46fb296ab76aad"
  integrity sha512-qxXIEh4pCGfHICj1mAJQ2/2XVZkjCDTcEgfoSQxc/fYivUZxTkk7L3bDBJSoNrEzXI17oUO5Dp07ktqE5KzczA==

read-chunk@^2.0.0:
  version "2.1.0"
  resolved "https://registry.yarnpkg.com/read-chunk/-/read-chunk-2.1.0.tgz#6a04c0928005ed9d42e1a6ac5600e19cbc7ff655"
  integrity sha1-agTAkoAF7Z1C4aasVgDhnLx/9lU=
  dependencies:
    pify "^3.0.0"
    safe-buffer "^5.1.1"

readable-stream@^2.0.5:
  version "2.3.7"
  resolved "https://registry.yarnpkg.com/readable-stream/-/readable-stream-2.3.7.tgz#1eca1cf711aef814c04f62252a36a62f6cb23b57"
  integrity sha512-Ebho8K4jIbHAxnuxi7o42OrZgF/ZTNcsZj6nRKyUmkhLFq8CHItp/fy6hQZuZmP/n3yZ9VBUbp4zz/mX8hmYPw==
  dependencies:
    core-util-is "~1.0.0"
    inherits "~2.0.3"
    isarray "~1.0.0"
    process-nextick-args "~2.0.0"
    safe-buffer "~5.1.1"
    string_decoder "~1.1.1"
    util-deprecate "~1.0.1"

request@^2.74.0:
  version "2.88.2"
  resolved "https://registry.yarnpkg.com/request/-/request-2.88.2.tgz#d73c918731cb5a87da047e207234146f664d12b3"
  integrity sha512-MsvtOrfG9ZcrOwAW+Qi+F6HbD0CWXEh9ou77uOb7FM2WPhwT7smM833PzanhJLsgXjN89Ir6V2PczXNnMpwKhw==
  dependencies:
    aws-sign2 "~0.7.0"
    aws4 "^1.8.0"
    caseless "~0.12.0"
    combined-stream "~1.0.6"
    extend "~3.0.2"
    forever-agent "~0.6.1"
    form-data "~2.3.2"
    har-validator "~5.1.3"
    http-signature "~1.2.0"
    is-typedarray "~1.0.0"
    isstream "~0.1.2"
    json-stringify-safe "~5.0.1"
    mime-types "~2.1.19"
    oauth-sign "~0.9.0"
    performance-now "^2.1.0"
    qs "~6.5.2"
    safe-buffer "^5.1.2"
    tough-cookie "~2.5.0"
    tunnel-agent "^0.6.0"
    uuid "^3.3.2"

safe-buffer@^5.0.1, safe-buffer@^5.1.1, safe-buffer@^5.1.2:
  version "5.2.1"
  resolved "https://registry.yarnpkg.com/safe-buffer/-/safe-buffer-5.2.1.tgz#1eaf9fa9bdb1fdd4ec75f58f9cdb4e6b7827eec6"
  integrity sha512-rp3So07KcdmmKbGvgaNxQSJr7bGVSVk5S9Eq1F+ppbRo70+YeaDxkw5Dd8NPN+GD6bjnYm2VuPuCXmpuYvmCXQ==

safe-buffer@~5.1.0, safe-buffer@~5.1.1:
  version "5.1.2"
  resolved "https://registry.yarnpkg.com/safe-buffer/-/safe-buffer-5.1.2.tgz#991ec69d296e0313747d59bdfd2b745c35f8828d"
  integrity sha512-Gd2UZBJDkXlY7GbJxfsE8/nvKkUEU1G38c1siN6QP6a9PT9MmHB8GnpscSmMJSoF8LOIrt8ud/wPtojys4G6+g==

safer-buffer@^2.0.2, safer-buffer@^2.1.0, safer-buffer@~2.1.0:
  version "2.1.2"
  resolved "https://registry.yarnpkg.com/safer-buffer/-/safer-buffer-2.1.2.tgz#44fa161b0187b9549dd84bb91802f9bd8385cd6a"
  integrity sha512-YZo3K82SD7Riyi0E1EQPojLz7kpepnSQI9IyPbHHg1XXXevb5dJI7tpyN2ADxGcQbHG7vcyRHk0cbwqcQriUtg==

sample-rate@^2.0.0:
  version "2.0.1"
  resolved "https://registry.yarnpkg.com/sample-rate/-/sample-rate-2.0.1.tgz#3f508969262b2c729a95d4d42b795a5b33610bd0"
  integrity sha512-AIK0vVBiAEObmpJOxQu/WCyklnWGqzTSDII4O7nBo+SJHmfgBUiYhgV/Y3Ohz76gfSlU6R5CIAKggj+nAOLSvg==

speaker@^0.3.0:
  version "0.3.1"
  resolved "https://registry.yarnpkg.com/speaker/-/speaker-0.3.1.tgz#19965f87b54be291554826c2c9338e0afd5b7594"
  integrity sha512-LEqSy+FHYHPZj4kX8NHylzaOmy+VIqj57enm2GS4B568hj0SdKDYa9jALCGQy43LZa/JmQk1iF0nlMVbS1PfPg==
  dependencies:
    bindings "^1.2.1"
    debug "^2.2.0"
    nan "^2.2.0"
    readable-stream "^2.0.5"

speaker@^0.5.3:
  version "0.5.3"
  resolved "https://registry.yarnpkg.com/speaker/-/speaker-0.5.3.tgz#cd8e085eed0c56b4b1a9c4ba1491c1e223e1e32c"
  integrity sha512-3P6oT7rV+bKrpbVibxIo3SUa8Ydly3PnWh1G3716N104Es45gX9g6JkmryfK67i+Gq5liYoh01/nj7sGL3PObA==
  dependencies:
    bindings "^1.3.0"
    buffer-alloc "^1.1.0"
    debug "^4.0.0"

sshpk@^1.7.0:
  version "1.17.0"
  resolved "https://registry.yarnpkg.com/sshpk/-/sshpk-1.17.0.tgz#578082d92d4fe612b13007496e543fa0fbcbe4c5"
  integrity sha512-/9HIEs1ZXGhSPE8X6Ccm7Nam1z8KcoCqPdI7ecm1N33EzAetWahvQWVqLZtaZQ+IDKX4IyA2o0gBzqIMkAagHQ==
  dependencies:
    asn1 "~0.2.3"
    assert-plus "^1.0.0"
    bcrypt-pbkdf "^1.0.0"
    dashdash "^1.12.0"
    ecc-jsbn "~0.1.1"
    getpass "^0.1.1"
    jsbn "~0.1.0"
    safer-buffer "^2.0.2"
    tweetnacl "~0.14.0"

string-to-arraybuffer@^1.0.0:
  version "1.0.2"
  resolved "https://registry.yarnpkg.com/string-to-arraybuffer/-/string-to-arraybuffer-1.0.2.tgz#161147fbadea02e28b0935002cec4c40f1ca7f0a"
  integrity sha512-DaGZidzi93dwjQen5I2osxR9ERS/R7B1PFyufNMnzhj+fmlDQAc1DSDIJVJhgI8Oq221efIMbABUBdPHDRt43Q==
  dependencies:
    atob-lite "^2.0.0"
    is-base64 "^0.1.0"

string_decoder@~1.1.1:
  version "1.1.1"
  resolved "https://registry.yarnpkg.com/string_decoder/-/string_decoder-1.1.1.tgz#9cf1611ba62685d7030ae9e4ba34149c3af03fc8"
  integrity sha512-n/ShnvDi6FHbbVfviro+WojiFzv+s8MPMHBczVePfUpDJLwoLT0ht1l4YwBCbi8pJAveEEdnkHyPyTP/mzRfwg==
  dependencies:
    safe-buffer "~5.1.0"

through@~2.3.4:
  version "2.3.8"
  resolved "https://registry.yarnpkg.com/through/-/through-2.3.8.tgz#0dd4c9ffaabc357960b1b724115d7e0e86a2e1f5"
  integrity sha1-DdTJ/6q8NXlgsbckEV1+Doai4fU=

to-array-buffer@^1.0.0:
  version "1.2.4"
  resolved "https://registry.yarnpkg.com/to-array-buffer/-/to-array-buffer-1.2.4.tgz#7efdc3194a5a0d2b0ba93fba9d3edc33a1259473"
  integrity sha1-fv3DGUpaDSsLqT+6nT7cM6EllHM=
  dependencies:
    atob-lite "^1.0.0"
    is-audio-buffer "^1.0.1"
    is-data-uri "^0.1.0"

to-array-buffer@^2.0.0:
  version "2.2.2"
  resolved "https://registry.yarnpkg.com/to-array-buffer/-/to-array-buffer-2.2.2.tgz#f9dc6b5a18f232636cf1515b7ca146fdaf88d442"
  integrity sha512-ZLcA71btdGxBs6WH2559ybYfoQ23756bZACcU9pIUwbBJ4Bwr1DHW96XfXQoKSk87pYo9zp2VsWrcX+At988Bw==
  dependencies:
    flatten-vertex-data "^1.0.2"
    is-blob "^2.0.1"
    string-to-arraybuffer "^1.0.0"

tough-cookie@~2.5.0:
  version "2.5.0"
  resolved "https://registry.yarnpkg.com/tough-cookie/-/tough-cookie-2.5.0.tgz#cd9fb2a0aa1d5a12b473bd9fb96fa3dcff65ade2"
  integrity sha512-nlLsUzgm1kfLXSXfRZMc1KLAugd4hqJHDTvc2hDIwS3mZAfMEuMbc03SujMF+GEcpaX/qboeycw6iO8JwVv2+g==
  dependencies:
    psl "^1.1.28"
    punycode "^2.1.1"

tunnel-agent@^0.6.0:
  version "0.6.0"
  resolved "https://registry.yarnpkg.com/tunnel-agent/-/tunnel-agent-0.6.0.tgz#27a5dea06b36b04a0a9966774b290868f0fc40fd"
  integrity sha1-J6XeoGs2sEoKmWZ3SykIaPD8QP0=
  dependencies:
    safe-buffer "^5.0.1"

tweetnacl@^0.14.3, tweetnacl@~0.14.0:
  version "0.14.5"
  resolved "https://registry.yarnpkg.com/tweetnacl/-/tweetnacl-0.14.5.tgz#5ae68177f192d4456269d108afa93ff8743f4f64"
  integrity sha1-WuaBd/GS1EViadEIr6k/+HQ/T2Q=

typedarray-methods@^1.0.0:
  version "1.0.1"
  resolved "https://registry.yarnpkg.com/typedarray-methods/-/typedarray-methods-1.0.1.tgz#ac8cabd143ece9e578e4efa4a80b89a7543aa226"
  integrity sha512-fstWAa225OZ856/4npMqgJP6U1U3vTWnqkn9wokZXzME9pORW9dV8u/v1VRGpo584udKMvCIYlNXzKoIb+UUGg==

typedarray-to-buffer@^3.1.2:
  version "3.1.5"
  resolved "https://registry.yarnpkg.com/typedarray-to-buffer/-/typedarray-to-buffer-3.1.5.tgz#a97ee7a9ff42691b9f783ff1bc5112fe3fca9080"
  integrity sha512-zdu8XMNEDepKKR+XYOXAVPtWui0ly0NtohUscw+UmaHiAWT8hrV1rr//H6V+0DvJ3OQ19S979M0laLfX8rm82Q==
  dependencies:
    is-typedarray "^1.0.0"

unc-path-regex@^0.1.0:
  version "0.1.2"
  resolved "https://registry.yarnpkg.com/unc-path-regex/-/unc-path-regex-0.1.2.tgz#e73dd3d7b0d7c5ed86fbac6b0ae7d8c6a69d50fa"
  integrity sha1-5z3T17DXxe2G+6xrCufYxqadUPo=

uri-js@^4.2.2:
  version "4.4.1"
  resolved "https://registry.yarnpkg.com/uri-js/-/uri-js-4.4.1.tgz#9b1a52595225859e55f669d928f88c6c57f2a77e"
  integrity sha512-7rKUyy33Q1yc98pQ1DAmLtwX109F7TIfWlW1Ydo8Wl1ii1SeHieeh0HHfPeL2fMXK6z0s8ecKs9frCuLJvndBg==
  dependencies:
    punycode "^2.1.0"

util-deprecate@~1.0.1:
  version "1.0.2"
  resolved "https://registry.yarnpkg.com/util-deprecate/-/util-deprecate-1.0.2.tgz#450d4dc9fa70de732762fbd2d4a28981419a0ccf"
  integrity sha1-RQ1Nyfpw3nMnYvvS1KKJgUGaDM8=

uuid@^3.3.2:
  version "3.4.0"
  resolved "https://registry.yarnpkg.com/uuid/-/uuid-3.4.0.tgz#b23e4358afa8a202fe7a100af1f5f883f02007ee"
  integrity sha512-HjSDRw6gZE5JMggctHBcjVak08+KEVhSIiDzFnT9S9aegmp85S/bReBVTb4QTFaRNptJ9kuYaNhnbNEOkbKb/A==

verror@1.10.0:
  version "1.10.0"
  resolved "https://registry.yarnpkg.com/verror/-/verror-1.10.0.tgz#3a105ca17053af55d6e270c1f8288682e18da400"
  integrity sha1-OhBcoXBTr1XW4nDB+CiGguGNpAA=
  dependencies:
    assert-plus "^1.0.0"
    core-util-is "1.0.2"
    extsprintf "^1.2.0"

wav-decoder@^1.1.0:
  version "1.3.0"
  resolved "https://registry.yarnpkg.com/wav-decoder/-/wav-decoder-1.3.0.tgz#1d0bf7195f623661bd182464c434a3e8bc42eb0e"
  integrity sha512-4U6O/JNb1dPO90CO2YMTQ5N2plJcntm39vNMvRq9VZ4Vy5FzS7Lnx95N2QcYUyKYcZfCbhI//W3dSHA8YnOQyQ==

web-audio-stream@^3.0.1:
  version "3.0.1"
  resolved "https://registry.yarnpkg.com/web-audio-stream/-/web-audio-stream-3.0.1.tgz#b11d1b1cace161ea4a098c26f6744afcadc70b0e"
  integrity sha1-sR0bHKzhYepKCYwm9nRK/K3HCw4=
  dependencies:
    audio-buffer-list "^2.0.6"
    audio-buffer-utils "^4.3.0"
    audio-context "^1.0.0"
    inherits "^2.0.1"
    is-audio-buffer "^1.0.1"
    is-plain-obj "^1.1.0"
    object-assign "^4.1.1"
    pcm-util "^2.1.0"
    pull-stream "^3.4.4"

web-streams-polyfill@^3.0.3:
  version "3.2.0"
  resolved "https://registry.yarnpkg.com/web-streams-polyfill/-/web-streams-polyfill-3.2.0.tgz#a6b74026b38e4885869fb5c589e90b95ccfc7965"
  integrity sha512-EqPmREeOzttaLRm5HS7io98goBgZ7IVz79aDvqjD0kYXLtFZTc0T/U6wHTPKyIjb+MdN7DFIIX6hgdBEpWmfPA==

xtend@^4.0.1:
  version "4.0.2"
  resolved "https://registry.yarnpkg.com/xtend/-/xtend-4.0.2.tgz#bb72779f5fa465186b1f438f674fa347fdb5db54"
  integrity sha512-LKYU1iAXJXUgAXn9URjiu+MWhyUXHsvfp7mcuYm9dSUKK0/CjtrUwFAxD82/mCWbtLsGjFIad0wIsod4zrTAEQ==
