# THIS IS AN AUTOGENERATED FILE. DO NOT EDIT THIS FILE DIRECTLY.
# yarn lockfile v1


alert@^5.0.10:
  version "5.0.10"
  resolved "https://registry.yarnpkg.com/alert/-/alert-5.0.10.tgz#de34f3e48c050334d7ec8b5d91c25dd39b501249"
  integrity sha512-veNmvhw+wPry802GoKfpXlqAeJ6JAF5JQ7C0Sw/ukMZ+KINvQITHFQO8IIaXjqJ/TBpQnp5A/y0bBknI50/LZQ==
  dependencies:
    is-program-installed "2.2.0"

beeper@^3.0.0:
  version "3.0.0"
  resolved "https://registry.yarnpkg.com/beeper/-/beeper-3.0.0.tgz#d3f84c2224049cd69faee935bd74b1c331d89bdc"
  integrity sha512-8d0BXEuBIiPfmKvATnSCN58sGKCB3vy+lwORdSvfC5uN6OMlPj9/aVMXsmvt5dIvjjyxiuKYfMVWpiAh/kJr5w==
  dependencies:
    yoctodelay "^1.2.0"

data-uri-to-buffer@^4.0.0:
  version "4.0.0"
  resolved "https://registry.yarnpkg.com/data-uri-to-buffer/-/data-uri-to-buffer-4.0.0.tgz#b5db46aea50f6176428ac05b73be39a57701a64b"
  integrity sha512-Vr3mLBA8qWmcuschSLAOogKgQ/Jwxulv3RNE4FXnYWRGujzrRWQI4m12fQqRkwX06C0KanhLr4hK+GydchZsaA==

date-fns@^2.28.0:
  version "2.28.0"
  resolved "https://registry.yarnpkg.com/date-fns/-/date-fns-2.28.0.tgz#9570d656f5fc13143e50c975a3b6bbeb46cd08b2"
  integrity sha512-8d35hViGYx/QH0icHYCeLmsLmMUheMmTyV9Fcm6gvNwdw31yXXH+O85sOBJ+OLnLQMKZowvpKb6FgMIQjcpvQw==

dotenv@^16.0.0:
  version "16.0.0"
  resolved "https://registry.yarnpkg.com/dotenv/-/dotenv-16.0.0.tgz#c619001253be89ebb638d027b609c75c26e47411"
  integrity sha512-qD9WU0MPM4SWLPJy/r2Be+2WgQj8plChsyrCNQzW/0WjvcJQiKQJ9mH3ZgB3fxbUUxgc/11ZJ0Fi5KiimWGz2Q==

fetch-blob@^3.1.2, fetch-blob@^3.1.4:
  version "3.1.5"
  resolved "https://registry.yarnpkg.com/fetch-blob/-/fetch-blob-3.1.5.tgz#0077bf5f3fcdbd9d75a0b5362f77dbb743489863"
  integrity sha512-N64ZpKqoLejlrwkIAnb9iLSA3Vx/kjgzpcDhygcqJ2KKjky8nCgUQ+dzXtbrLaWZGZNmNfQTsiQ0weZ1svglHg==
  dependencies:
    node-domexception "^1.0.0"
    web-streams-polyfill "^3.0.3"

formdata-polyfill@^4.0.10:
  version "4.0.10"
  resolved "https://registry.yarnpkg.com/formdata-polyfill/-/formdata-polyfill-4.0.10.tgz#24807c31c9d402e002ab3d8c720144ceb8848423"
  integrity sha512-buewHzMvYL29jdeQTVILecSaZKnt/RJWjoZCF5OW60Z67/GmSLBkOFM7qh1PI3zFNtJbaZL5eQu1vLfazOwj4g==
  dependencies:
    fetch-blob "^3.1.2"

is-program-installed@2.2.0:
  version "2.2.0"
  resolved "https://registry.yarnpkg.com/is-program-installed/-/is-program-installed-2.2.0.tgz#d8af27a6e7630c9f093d5f248ae9507461d9da8b"
  integrity sha512-QMtzB/n6+G0iXDfi4ErIn1mZEZgoTLQxjgBdvMG2iPN/xWmjjXT53XOfaqcCT9At4B7QiMBY3Hvf8N4DB7MNtA==

node-domexception@^1.0.0:
  version "1.0.0"
  resolved "https://registry.yarnpkg.com/node-domexception/-/node-domexception-1.0.0.tgz#6888db46a1f71c0b76b3f7555016b63fe64766e5"
  integrity sha512-/jKZoMpw0F8GRwl4/eLROPA3cfcXtLApP0QzLmUT/HuPCZWyB7IY9ZrMeKw2O/nFIqPQB3PVM9aYm0F312AXDQ==

node-fetch@^3.2.2:
  version "3.2.3"
  resolved "https://registry.yarnpkg.com/node-fetch/-/node-fetch-3.2.3.tgz#a03c9cc2044d21d1a021566bd52f080f333719a6"
  integrity sha512-AXP18u4pidSZ1xYXRDPY/8jdv3RAozIt/WLNR/MBGZAz+xjtlr90RvCnsvHQRiXyWliZF/CpytExp32UU67/SA==
  dependencies:
    data-uri-to-buffer "^4.0.0"
    fetch-blob "^3.1.4"
    formdata-polyfill "^4.0.10"

web-streams-polyfill@^3.0.3:
  version "3.2.0"
  resolved "https://registry.yarnpkg.com/web-streams-polyfill/-/web-streams-polyfill-3.2.0.tgz#a6b74026b38e4885869fb5c589e90b95ccfc7965"
  integrity sha512-EqPmREeOzttaLRm5HS7io98goBgZ7IVz79aDvqjD0kYXLtFZTc0T/U6wHTPKyIjb+MdN7DFIIX6hgdBEpWmfPA==

yoctodelay@^1.2.0:
  version "1.2.0"
  resolved "https://registry.yarnpkg.com/yoctodelay/-/yoctodelay-1.2.0.tgz#0d020c8bcec22989369db31e5d352acc6a13eda8"
  integrity sha512-12y/P9MSig9/5BEhBgylss+fkHiCRZCvYR81eH35NW9uw801cvJt31EAV+WOLcwZRZbLiIQl/hxcdXXXFmGvXg==
